
Microsoft Visual Studio Solution File, Format Version 12.00
# Visual Studio Version 17
VisualStudioVersion = 17.0.31903.59
MinimumVisualStudioVersion = 10.0.40219.1
Project("{FAE04EC0-301F-11D3-BF4B-00C04F79EFBC}") = "Plaxground", "Plaxground\Plaxground.csproj", "{7CC95D68-4334-44CA-8A13-577827165D0D}"
EndProject
Project("{FAE04EC0-301F-11D3-BF4B-00C04F79EFBC}") = "PlaygroundTests", "PlaygroundTests\PlaygroundTests.csproj", "{D4EB0740-52AF-487F-A1CD-C0432153E35F}"
EndProject
Global
	GlobalSection(SolutionProperties) = preSolution
		HideSolutionNode = FALSE
	EndGlobalSection
	GlobalSection(SolutionConfigurationPlatforms) = preSolution
		Debug|Any CPU = Debug|Any CPU
		Debug|x64 = Debug|x64
		Debug|x86 = Debug|x86
		Release|Any CPU = Release|Any CPU
		Release|x64 = Release|x64
		Release|x86 = Release|x86
	EndGlobalSection
	GlobalSection(ProjectConfigurationPlatforms) = postSolution
		{7CC95D68-4334-44CA-8A13-577827165D0D}.Debug|Any CPU.ActiveCfg = Debug|Any CPU
		{7CC95D68-4334-44CA-8A13-577827165D0D}.Debug|Any CPU.Build.0 = Debug|Any CPU
		{7CC95D68-4334-44CA-8A13-577827165D0D}.Debug|x64.ActiveCfg = Debug|Any CPU
		{7CC95D68-4334-44CA-8A13-577827165D0D}.Debug|x64.Build.0 = Debug|Any CPU
		{7CC95D68-4334-44CA-8A13-577827165D0D}.Debug|x86.ActiveCfg = Debug|Any CPU
		{7CC95D68-4334-44CA-8A13-577827165D0D}.Debug|x86.Build.0 = Debug|Any CPU
		{7CC95D68-4334-44CA-8A13-577827165D0D}.Release|Any CPU.ActiveCfg = Release|Any CPU
		{7CC95D68-4334-44CA-8A13-577827165D0D}.Release|Any CPU.Build.0 = Release|Any CPU
		{7CC95D68-4334-44CA-8A13-577827165D0D}.Release|x64.ActiveCfg = Release|Any CPU
		{7CC95D68-4334-44CA-8A13-577827165D0D}.Release|x64.Build.0 = Release|Any CPU
		{7CC95D68-4334-44CA-8A13-577827165D0D}.Release|x86.ActiveCfg = Release|Any CPU
		{7CC95D68-4334-44CA-8A13-577827165D0D}.Release|x86.Build.0 = Release|Any CPU
		{D4EB0740-52AF-487F-A1CD-C0432153E35F}.Debug|Any CPU.ActiveCfg = Debug|Any CPU
		{D4EB0740-52AF-487F-A1CD-C0432153E35F}.Debug|Any CPU.Build.0 = Debug|Any CPU
		{D4EB0740-52AF-487F-A1CD-C0432153E35F}.Debug|x64.ActiveCfg = Debug|Any CPU
		{D4EB0740-52AF-487F-A1CD-C0432153E35F}.Debug|x64.Build.0 = Debug|Any CPU
		{D4EB0740-52AF-487F-A1CD-C0432153E35F}.Debug|x86.ActiveCfg = Debug|Any CPU
		{D4EB0740-52AF-487F-A1CD-C0432153E35F}.Debug|x86.Build.0 = Debug|Any CPU
		{D4EB0740-52AF-487F-A1CD-C0432153E35F}.Release|Any CPU.ActiveCfg = Release|Any CPU
		{D4EB0740-52AF-487F-A1CD-C0432153E35F}.Release|Any CPU.Build.0 = Release|Any CPU
		{D4EB0740-52AF-487F-A1CD-C0432153E35F}.Release|x64.ActiveCfg = Release|Any CPU
		{D4EB0740-52AF-487F-A1CD-C0432153E35F}.Release|x64.Build.0 = Release|Any CPU
		{D4EB0740-52AF-487F-A1CD-C0432153E35F}.Release|x86.ActiveCfg = Release|Any CPU
		{D4EB0740-52AF-487F-A1CD-C0432153E35F}.Release|x86.Build.0 = Release|Any CPU
	EndGlobalSection
EndGlobal
